{
    "requires": true,
    "lockfileVersion": 1,
    "dependencies": {
        "pyright": {
            "version": "1.1.67",
            "resolved": "https://registry.npmjs.org/pyright/-/pyright-1.1.67.tgz",
            "integrity": "sha512-esvMkiqTpGCkPbwCMgtFu+dC9yw9ygkOpfBCH77nYfBr2zsACD5Q1ksLqenwGpHZx7FUIC/oFLsZcMopPBuFPA==",
            "dev": true
        }
    }
}
